{
  "name": "rad-scripts",
  "version": "4.10.50",
  "lockfileVersion": 3,
  "requires": true,
  "packages": {
    "": {
      "name": "rad-scripts",
      "version": "4.10.50",
      "license": "MIT",
      "dependencies": {
        "minimatch": "*",
        "spawn-args": "*"
      },
      "bin": {
        "make-folder": "make-folder-cmd.js",
        "rad-scripts": "rad-scripts-cmd.js",
        "rad-scripts-sync": "rad-scripts-sync-cmd.js"
      }
    },
    "node_modules/balanced-match": {
      "version": "1.0.2",
      "resolved": "https://registry.npmjs.org/balanced-match/-/balanced-match-1.0.2.tgz",
      "integrity": "sha512-3oSeUO0TMV67hN1AmbXsK4yaqU7tjiHlbxRDZOpH0KW9+CeX4bRAaX0Anxt0tx2MrpRpWwQaPwIlISEJhYU5Pw=="
    },
    "node_modules/brace-expansion": {
      "version": "2.0.1",
      "resolved": "https://registry.npmjs.org/brace-expansion/-/brace-expansion-2.0.1.tgz",
      "integrity": "sha512-XnAIvQ8eM+kC6aULx6wuQiwVsnzsi9d3WxzV3FpWTGA19F621kwdbsAcFKXgKUHZWsy+mY6iL1sHTxWEFCytDA==",
      "dependencies": {
        "balanced-match": "^1.0.0"
      }
    },
    "node_modules/minimatch": {
      "version": "9.0.0",
      "resolved": "https://registry.npmjs.org/minimatch/-/minimatch-9.0.0.tgz",
      "integrity": "sha512-0jJj8AvgKqWN05mrwuqi8QYKx1WmYSUoKSxu5Qhs9prezTz10sxAHGNZe9J9cqIJzta8DWsleh2KaVaLl6Ru2w==",
      "dependencies": {
        "brace-expansion": "^2.0.1"
      },
      "engines": {
        "node": ">=16 || 14 >=14.17"
      },
      "funding": {
        "url": "https://github.com/sponsors/isaacs"
      }
    },
    "node_modules/spawn-args": {
      "version": "0.2.0",
      "resolved": "https://registry.npmjs.org/spawn-args/-/spawn-args-0.2.0.tgz",
      "integrity": "sha512-73BoniQDcRWgnLAf/suKH6V5H54gd1KLzwYN9FB6J/evqTV33htH9xwV/4BHek+++jzxpVlZQKKZkqstPQPmQg=="
    }
  }
}
